
Microsoft Visual Studio Solution File, Format Version 12.00
# Visual Studio Version 16
VisualStudioVersion = 16.0.29409.12
MinimumVisualStudioVersion = 10.0.40219.1
Project("{FAE04EC0-301F-11D3-BF4B-00C04F79EFBC}") = "PostComment", "PostComment\PostComment.csproj", "{F6E4BEBB-5D29-44EB-8B76-F7B02C7B97B5}"
EndProject
Project("{FAE04EC0-301F-11D3-BF4B-00C04F79EFBC}") = "ObjectWCF", "ObjectWCF\ObjectWCF.csproj", "{8FA1D19F-E157-431B-96A9-3AD07553A5BF}"
EndProject
Project("{FAE04EC0-301F-11D3-BF4B-00C04F79EFBC}") = "HostWCF", "HostWCF\HostWCF.csproj", "{AAEF9323-4F8C-4DC3-8B18-567A497CB37A}"
EndProject
Project("{FAE04EC0-301F-11D3-BF4B-00C04F79EFBC}") = "RazorPostComment", "RazorPostComment\RazorPostComment.csproj", "{F81F551B-0143-42D4-B226-0E0B6A5EDCA7}"
EndProject
Global
	GlobalSection(SolutionConfigurationPlatforms) = preSolution
		Debug|Any CPU = Debug|Any CPU
		Release|Any CPU = Release|Any CPU
	EndGlobalSection
	GlobalSection(ProjectConfigurationPlatforms) = postSolution
		{F6E4BEBB-5D29-44EB-8B76-F7B02C7B97B5}.Debug|Any CPU.ActiveCfg = Debug|Any CPU
		{F6E4BEBB-5D29-44EB-8B76-F7B02C7B97B5}.Debug|Any CPU.Build.0 = Debug|Any CPU
		{F6E4BEBB-5D29-44EB-8B76-F7B02C7B97B5}.Release|Any CPU.ActiveCfg = Release|Any CPU
		{F6E4BEBB-5D29-44EB-8B76-F7B02C7B97B5}.Release|Any CPU.Build.0 = Release|Any CPU
		{8FA1D19F-E157-431B-96A9-3AD07553A5BF}.Debug|Any CPU.ActiveCfg = Debug|Any CPU
		{8FA1D19F-E157-431B-96A9-3AD07553A5BF}.Debug|Any CPU.Build.0 = Debug|Any CPU
		{8FA1D19F-E157-431B-96A9-3AD07553A5BF}.Release|Any CPU.ActiveCfg = Release|Any CPU
		{8FA1D19F-E157-431B-96A9-3AD07553A5BF}.Release|Any CPU.Build.0 = Release|Any CPU
		{AAEF9323-4F8C-4DC3-8B18-567A497CB37A}.Debug|Any CPU.ActiveCfg = Debug|Any CPU
		{AAEF9323-4F8C-4DC3-8B18-567A497CB37A}.Debug|Any CPU.Build.0 = Debug|Any CPU
		{AAEF9323-4F8C-4DC3-8B18-567A497CB37A}.Release|Any CPU.ActiveCfg = Release|Any CPU
		{AAEF9323-4F8C-4DC3-8B18-567A497CB37A}.Release|Any CPU.Build.0 = Release|Any CPU
		{F81F551B-0143-42D4-B226-0E0B6A5EDCA7}.Debug|Any CPU.ActiveCfg = Debug|Any CPU
		{F81F551B-0143-42D4-B226-0E0B6A5EDCA7}.Debug|Any CPU.Build.0 = Debug|Any CPU
		{F81F551B-0143-42D4-B226-0E0B6A5EDCA7}.Release|Any CPU.ActiveCfg = Release|Any CPU
		{F81F551B-0143-42D4-B226-0E0B6A5EDCA7}.Release|Any CPU.Build.0 = Release|Any CPU
	EndGlobalSection
	GlobalSection(SolutionProperties) = preSolution
		HideSolutionNode = FALSE
	EndGlobalSection
	GlobalSection(ExtensibilityGlobals) = postSolution
		SolutionGuid = {2D745E08-DD34-42CF-B57F-FB809BBABDF9}
	EndGlobalSection
EndGlobal
